
Microsoft Visual Studio Solution File, Format Version 12.00
# Visual Studio 15
VisualStudioVersion = 15.0.27428.2015
MinimumVisualStudioVersion = 10.0.40219.1
Project("{FAE04EC0-301F-11D3-BF4B-00C04F79EFBC}") = "Ejercicio_26", "Ejercicio_26\Ejercicio_26.csproj", "{C14386D8-71BC-490E-B38B-5320AB4C50B2}"
EndProject
Project("{FAE04EC0-301F-11D3-BF4B-00C04F79EFBC}") = "Ejercicio_33", "Ejercicio_33\Ejercicio_33.csproj", "{2BC64520-D14E-4883-91BF-A119BB218CC2}"
EndProject
Project("{FAE04EC0-301F-11D3-BF4B-00C04F79EFBC}") = "Ejercicio_34", "Ejercicio_34\Ejercicio_34.csproj", "{99C509B6-A2D4-45A9-846F-AFA3C26E7898}"
EndProject
Project("{FAE04EC0-301F-11D3-BF4B-00C04F79EFBC}") = "Ejercicio_37", "Ejercicio_37\Ejercicio_37.csproj", "{52A941CD-040F-498C-90FF-073324872969}"
EndProject
Project("{FAE04EC0-301F-11D3-BF4B-00C04F79EFBC}") = "Ejercicio_1", "Ejercicio_1\Ejercicio_1.csproj", "{D50378B6-45C0-403F-9CCB-0AD1B4738859}"
EndProject
Project("{FAE04EC0-301F-11D3-BF4B-00C04F79EFBC}") = "Ejercicio_2", "Ejercicio_2\Ejercicio_2.csproj", "{97693BB3-89AB-42E3-BC88-10EA6C30960B}"
EndProject
Project("{FAE04EC0-301F-11D3-BF4B-00C04F79EFBC}") = "Ejercicio_3", "Ejercicio_3\Ejercicio_3.csproj", "{46C92FF0-7D82-4D5C-9396-950E044CE5CF}"
EndProject
Project("{FAE04EC0-301F-11D3-BF4B-00C04F79EFBC}") = "Ejercicio_4", "Ejercicio_4\Ejercicio_4.csproj", "{826ABD0C-1594-400B-BE33-AD8E40E88695}"
EndProject
Project("{FAE04EC0-301F-11D3-BF4B-00C04F79EFBC}") = "Ejercicio_5", "Ejercicio_5\Ejercicio_5.csproj", "{91F32589-580C-4F03-9F96-F99D68AED3D4}"
EndProject
Project("{FAE04EC0-301F-11D3-BF4B-00C04F79EFBC}") = "Ejercicio_11", "Ejercicio_11\Ejercicio_11.csproj", "{98BB1B14-93FB-4BBC-B2C6-29987C9B096E}"
EndProject
Project("{FAE04EC0-301F-11D3-BF4B-00C04F79EFBC}") = "Ejercicio_16", "Ejercicio_16\Ejercicio_16.csproj", "{A641DFED-2876-4CAB-B3D5-E4A8CF2F7957}"
EndProject
Project("{FAE04EC0-301F-11D3-BF4B-00C04F79EFBC}") = "Ejercicio_18", "Ejercicio_18\Ejercicio_18.csproj", "{60FB5866-013E-4E9D-A86A-4A4E4B4B506C}"
EndProject
Project("{FAE04EC0-301F-11D3-BF4B-00C04F79EFBC}") = "Ejercicio_19", "Ejercicio_19\Ejercicio_19.csproj", "{57E9B8E9-C9C9-4586-B3E7-89C9AF5D114F}"
EndProject
Project("{FAE04EC0-301F-11D3-BF4B-00C04F79EFBC}") = "Ejercicio_20", "Ejercicio_20\Ejercicio_20.csproj", "{50740BFF-FB3E-41A7-9105-1DCFE40B77EC}"
EndProject
Project("{FAE04EC0-301F-11D3-BF4B-00C04F79EFBC}") = "Ejercicio_31", "Ejercicio_31\Ejercicio_31.csproj", "{4D452BE0-99EF-47FD-B731-B00B4CD0D98A}"
EndProject
Project("{FAE04EC0-301F-11D3-BF4B-00C04F79EFBC}") = "Ejercicio_35", "Ejercicio_35\Ejercicio_35.csproj", "{F1BF8A0E-C8C2-4DDD-8459-046B76E38A75}"
EndProject
Project("{FAE04EC0-301F-11D3-BF4B-00C04F79EFBC}") = "Ejercicio_36", "Ejercicio_36\Ejercicio_36.csproj", "{9C58241C-9497-4E71-AE80-772126554607}"
EndProject
Project("{FAE04EC0-301F-11D3-BF4B-00C04F79EFBC}") = "Ejercicio_32", "Ejercicio_32\Ejercicio_32.csproj", "{714C0E87-A597-41A7-B9B3-6E6C46361059}"
EndProject
Project("{FAE04EC0-301F-11D3-BF4B-00C04F79EFBC}") = "Ejercicio_40", "Ejercicio_40\Ejercicio_40.csproj", "{7D15C840-92D3-41AD-822C-C8AD84033BC2}"
EndProject
Global
	GlobalSection(SolutionConfigurationPlatforms) = preSolution
		Debug|Any CPU = Debug|Any CPU
		Release|Any CPU = Release|Any CPU
	EndGlobalSection
	GlobalSection(ProjectConfigurationPlatforms) = postSolution
		{C14386D8-71BC-490E-B38B-5320AB4C50B2}.Debug|Any CPU.ActiveCfg = Debug|Any CPU
		{C14386D8-71BC-490E-B38B-5320AB4C50B2}.Debug|Any CPU.Build.0 = Debug|Any CPU
		{C14386D8-71BC-490E-B38B-5320AB4C50B2}.Release|Any CPU.ActiveCfg = Release|Any CPU
		{C14386D8-71BC-490E-B38B-5320AB4C50B2}.Release|Any CPU.Build.0 = Release|Any CPU
		{2BC64520-D14E-4883-91BF-A119BB218CC2}.Debug|Any CPU.ActiveCfg = Debug|Any CPU
		{2BC64520-D14E-4883-91BF-A119BB218CC2}.Debug|Any CPU.Build.0 = Debug|Any CPU
		{2BC64520-D14E-4883-91BF-A119BB218CC2}.Release|Any CPU.ActiveCfg = Release|Any CPU
		{2BC64520-D14E-4883-91BF-A119BB218CC2}.Release|Any CPU.Build.0 = Release|Any CPU
		{99C509B6-A2D4-45A9-846F-AFA3C26E7898}.Debug|Any CPU.ActiveCfg = Debug|Any CPU
		{99C509B6-A2D4-45A9-846F-AFA3C26E7898}.Debug|Any CPU.Build.0 = Debug|Any CPU
		{99C509B6-A2D4-45A9-846F-AFA3C26E7898}.Release|Any CPU.ActiveCfg = Release|Any CPU
		{99C509B6-A2D4-45A9-846F-AFA3C26E7898}.Release|Any CPU.Build.0 = Release|Any CPU
		{52A941CD-040F-498C-90FF-073324872969}.Debug|Any CPU.ActiveCfg = Debug|Any CPU
		{52A941CD-040F-498C-90FF-073324872969}.Debug|Any CPU.Build.0 = Debug|Any CPU
		{52A941CD-040F-498C-90FF-073324872969}.Release|Any CPU.ActiveCfg = Release|Any CPU
		{52A941CD-040F-498C-90FF-073324872969}.Release|Any CPU.Build.0 = Release|Any CPU
		{D50378B6-45C0-403F-9CCB-0AD1B4738859}.Debug|Any CPU.ActiveCfg = Debug|Any CPU
		{D50378B6-45C0-403F-9CCB-0AD1B4738859}.Debug|Any CPU.Build.0 = Debug|Any CPU
		{D50378B6-45C0-403F-9CCB-0AD1B4738859}.Release|Any CPU.ActiveCfg = Release|Any CPU
		{D50378B6-45C0-403F-9CCB-0AD1B4738859}.Release|Any CPU.Build.0 = Release|Any CPU
		{97693BB3-89AB-42E3-BC88-10EA6C30960B}.Debug|Any CPU.ActiveCfg = Debug|Any CPU
		{97693BB3-89AB-42E3-BC88-10EA6C30960B}.Debug|Any CPU.Build.0 = Debug|Any CPU
		{97693BB3-89AB-42E3-BC88-10EA6C30960B}.Release|Any CPU.ActiveCfg = Release|Any CPU
		{97693BB3-89AB-42E3-BC88-10EA6C30960B}.Release|Any CPU.Build.0 = Release|Any CPU
		{46C92FF0-7D82-4D5C-9396-950E044CE5CF}.Debug|Any CPU.ActiveCfg = Debug|Any CPU
		{46C92FF0-7D82-4D5C-9396-950E044CE5CF}.Debug|Any CPU.Build.0 = Debug|Any CPU
		{46C92FF0-7D82-4D5C-9396-950E044CE5CF}.Release|Any CPU.ActiveCfg = Release|Any CPU
		{46C92FF0-7D82-4D5C-9396-950E044CE5CF}.Release|Any CPU.Build.0 = Release|Any CPU
		{826ABD0C-1594-400B-BE33-AD8E40E88695}.Debug|Any CPU.ActiveCfg = Debug|Any CPU
		{826ABD0C-1594-400B-BE33-AD8E40E88695}.Debug|Any CPU.Build.0 = Debug|Any CPU
		{826ABD0C-1594-400B-BE33-AD8E40E88695}.Release|Any CPU.ActiveCfg = Release|Any CPU
		{826ABD0C-1594-400B-BE33-AD8E40E88695}.Release|Any CPU.Build.0 = Release|Any CPU
		{91F32589-580C-4F03-9F96-F99D68AED3D4}.Debug|Any CPU.ActiveCfg = Debug|Any CPU
		{91F32589-580C-4F03-9F96-F99D68AED3D4}.Debug|Any CPU.Build.0 = Debug|Any CPU
		{91F32589-580C-4F03-9F96-F99D68AED3D4}.Release|Any CPU.ActiveCfg = Release|Any CPU
		{91F32589-580C-4F03-9F96-F99D68AED3D4}.Release|Any CPU.Build.0 = Release|Any CPU
		{98BB1B14-93FB-4BBC-B2C6-29987C9B096E}.Debug|Any CPU.ActiveCfg = Debug|Any CPU
		{98BB1B14-93FB-4BBC-B2C6-29987C9B096E}.Debug|Any CPU.Build.0 = Debug|Any CPU
		{98BB1B14-93FB-4BBC-B2C6-29987C9B096E}.Release|Any CPU.ActiveCfg = Release|Any CPU
		{98BB1B14-93FB-4BBC-B2C6-29987C9B096E}.Release|Any CPU.Build.0 = Release|Any CPU
		{A641DFED-2876-4CAB-B3D5-E4A8CF2F7957}.Debug|Any CPU.ActiveCfg = Debug|Any CPU
		{A641DFED-2876-4CAB-B3D5-E4A8CF2F7957}.Debug|Any CPU.Build.0 = Debug|Any CPU
		{A641DFED-2876-4CAB-B3D5-E4A8CF2F7957}.Release|Any CPU.ActiveCfg = Release|Any CPU
		{A641DFED-2876-4CAB-B3D5-E4A8CF2F7957}.Release|Any CPU.Build.0 = Release|Any CPU
		{60FB5866-013E-4E9D-A86A-4A4E4B4B506C}.Debug|Any CPU.ActiveCfg = Debug|Any CPU
		{60FB5866-013E-4E9D-A86A-4A4E4B4B506C}.Debug|Any CPU.Build.0 = Debug|Any CPU
		{60FB5866-013E-4E9D-A86A-4A4E4B4B506C}.Release|Any CPU.ActiveCfg = Release|Any CPU
		{60FB5866-013E-4E9D-A86A-4A4E4B4B506C}.Release|Any CPU.Build.0 = Release|Any CPU
		{57E9B8E9-C9C9-4586-B3E7-89C9AF5D114F}.Debug|Any CPU.ActiveCfg = Debug|Any CPU
		{57E9B8E9-C9C9-4586-B3E7-89C9AF5D114F}.Debug|Any CPU.Build.0 = Debug|Any CPU
		{57E9B8E9-C9C9-4586-B3E7-89C9AF5D114F}.Release|Any CPU.ActiveCfg = Release|Any CPU
		{57E9B8E9-C9C9-4586-B3E7-89C9AF5D114F}.Release|Any CPU.Build.0 = Release|Any CPU
		{50740BFF-FB3E-41A7-9105-1DCFE40B77EC}.Debug|Any CPU.ActiveCfg = Debug|Any CPU
		{50740BFF-FB3E-41A7-9105-1DCFE40B77EC}.Debug|Any CPU.Build.0 = Debug|Any CPU
		{50740BFF-FB3E-41A7-9105-1DCFE40B77EC}.Release|Any CPU.ActiveCfg = Release|Any CPU
		{50740BFF-FB3E-41A7-9105-1DCFE40B77EC}.Release|Any CPU.Build.0 = Release|Any CPU
		{4D452BE0-99EF-47FD-B731-B00B4CD0D98A}.Debug|Any CPU.ActiveCfg = Debug|Any CPU
		{4D452BE0-99EF-47FD-B731-B00B4CD0D98A}.Debug|Any CPU.Build.0 = Debug|Any CPU
		{4D452BE0-99EF-47FD-B731-B00B4CD0D98A}.Release|Any CPU.ActiveCfg = Release|Any CPU
		{4D452BE0-99EF-47FD-B731-B00B4CD0D98A}.Release|Any CPU.Build.0 = Release|Any CPU
		{F1BF8A0E-C8C2-4DDD-8459-046B76E38A75}.Debug|Any CPU.ActiveCfg = Debug|Any CPU
		{F1BF8A0E-C8C2-4DDD-8459-046B76E38A75}.Debug|Any CPU.Build.0 = Debug|Any CPU
		{F1BF8A0E-C8C2-4DDD-8459-046B76E38A75}.Release|Any CPU.ActiveCfg = Release|Any CPU
		{F1BF8A0E-C8C2-4DDD-8459-046B76E38A75}.Release|Any CPU.Build.0 = Release|Any CPU
		{9C58241C-9497-4E71-AE80-772126554607}.Debug|Any CPU.ActiveCfg = Debug|Any CPU
		{9C58241C-9497-4E71-AE80-772126554607}.Debug|Any CPU.Build.0 = Debug|Any CPU
		{9C58241C-9497-4E71-AE80-772126554607}.Release|Any CPU.ActiveCfg = Release|Any CPU
		{9C58241C-9497-4E71-AE80-772126554607}.Release|Any CPU.Build.0 = Release|Any CPU
		{714C0E87-A597-41A7-B9B3-6E6C46361059}.Debug|Any CPU.ActiveCfg = Debug|Any CPU
		{714C0E87-A597-41A7-B9B3-6E6C46361059}.Debug|Any CPU.Build.0 = Debug|Any CPU
		{714C0E87-A597-41A7-B9B3-6E6C46361059}.Release|Any CPU.ActiveCfg = Release|Any CPU
		{714C0E87-A597-41A7-B9B3-6E6C46361059}.Release|Any CPU.Build.0 = Release|Any CPU
		{7D15C840-92D3-41AD-822C-C8AD84033BC2}.Debug|Any CPU.ActiveCfg = Debug|Any CPU
		{7D15C840-92D3-41AD-822C-C8AD84033BC2}.Debug|Any CPU.Build.0 = Debug|Any CPU
		{7D15C840-92D3-41AD-822C-C8AD84033BC2}.Release|Any CPU.ActiveCfg = Release|Any CPU
		{7D15C840-92D3-41AD-822C-C8AD84033BC2}.Release|Any CPU.Build.0 = Release|Any CPU
	EndGlobalSection
	GlobalSection(SolutionProperties) = preSolution
		HideSolutionNode = FALSE
	EndGlobalSection
	GlobalSection(ExtensibilityGlobals) = postSolution
		SolutionGuid = {B0722B68-1D50-45E6-B868-918B42B2ADEE}
	EndGlobalSection
EndGlobal
